# THIS IS AN AUTOGENERATED FILE. DO NOT EDIT THIS FILE DIRECTLY.
# yarn lockfile v1


"@elysiajs/eden@^1.2.0":
  version "1.2.0"
  resolved "https://registry.yarnpkg.com/@elysiajs/eden/-/eden-1.2.0.tgz#9a506a708163df38e2814d2a66b61fdf2d6a8d06"
  integrity sha512-MpV45ahuF+iFZUg4tyJbLr9qxzY99m8clJVgQrDrz7Qh6eOKQ8MY6vjYMj3Wh21pTIRHPHzOLhVorRGby1/Owg==

"@elysiajs/static@^0.6.0":
  version "0.6.0"
  resolved "https://registry.yarnpkg.com/@elysiajs/static/-/static-0.6.0.tgz#6363784e8eb1372b6c8d0e5e13cd7da6c747790a"
  integrity sha512-06M0J3HXQiX3BivJIMbL3WNXzudzQNHIPlU0JBZo2/gp8dX8GGOZbjIhyF6j4legEQE86omTBRHt2dUxb4yZZg==

"@sinclair/typebox@^0.34.27":
  version "0.34.27"
  resolved "https://registry.yarnpkg.com/@sinclair/typebox/-/typebox-0.34.27.tgz#d09f42dd2f6480424242a73a7a7a57f67843811e"
  integrity sha512-C7mxE1VC3WC2McOufZXEU48IfRVI+BcKxk4NOyNn3+JMUNdJHEWGS5CqjuDX+ij2NCCz8/nse1mT7yn8Fv2GHg==

"@types/bun@^1.2.3":
  version "1.2.3"
  resolved "https://registry.yarnpkg.com/@types/bun/-/bun-1.2.3.tgz#90bb4913a4e5be276df4254a115caaec828f2ae9"
  integrity sha512-054h79ipETRfjtsCW9qJK8Ipof67Pw9bodFWmkfkaUaRiIQ1dIV2VTlheshlBx3mpKr0KeK8VqnMMCtgN9rQtw==
  dependencies:
    bun-types "1.2.3"

"@types/node@*":
  version "22.13.5"
  resolved "https://registry.yarnpkg.com/@types/node/-/node-22.13.5.tgz#23add1d71acddab2c6a4d31db89c0f98d330b511"
  integrity sha512-+lTU0PxZXn0Dr1NBtC7Y8cR21AJr87dLLU953CWA6pMxxv/UDc7jYAY90upcrie1nRcD6XNG5HOYEDtgW5TxAg==
  dependencies:
    undici-types "~6.20.0"

"@types/react-dom@^19":
  version "19.0.4"
  resolved "https://registry.yarnpkg.com/@types/react-dom/-/react-dom-19.0.4.tgz#bedba97f9346bd4c0fe5d39e689713804ec9ac89"
  integrity sha512-4fSQ8vWFkg+TGhePfUzVmat3eC14TXYSsiiDSLI0dVLsrm9gZFABjPy/Qu6TKgl1tq1Bu1yDsuQgY3A3DOjCcg==

"@types/react@^19":
  version "19.0.10"
  resolved "https://registry.yarnpkg.com/@types/react/-/react-19.0.10.tgz#d0c66dafd862474190fe95ce11a68de69ed2b0eb"
  integrity sha512-JuRQ9KXLEjaUNjTWpzuR231Z2WpIwczOkBEIvbHNCzQefFIT0L8IqE6NV6ULLyC1SI/i234JnDoMkfg+RjQj2g==
  dependencies:
    csstype "^3.0.2"

"@types/ws@~8.5.10":
  version "8.5.14"
  resolved "https://registry.yarnpkg.com/@types/ws/-/ws-8.5.14.tgz#93d44b268c9127d96026cf44353725dd9b6c3c21"
  integrity sha512-bd/YFLW+URhBzMXurx7lWByOu+xzU9+kb3RboOteXYDfW+tr+JZa99OyNmPINEGB/ahzKrEuc8rcv4gnpJmxTw==
  dependencies:
    "@types/node" "*"

bun-types@1.2.3, bun-types@latest:
  version "1.2.3"
  resolved "https://registry.yarnpkg.com/bun-types/-/bun-types-1.2.3.tgz#7d15858a1502e256d381e514389d1cdd3522e481"
  integrity sha512-P7AeyTseLKAvgaZqQrvp3RqFM3yN9PlcLuSTe7SoJOfZkER73mLdT2vEQi8U64S1YvM/ldcNiQjn0Sn7H9lGgg==
  dependencies:
    "@types/node" "*"
    "@types/ws" "~8.5.10"

catch-links@^2.0.0:
  version "2.0.1"
  resolved "https://registry.yarnpkg.com/catch-links/-/catch-links-2.0.1.tgz#ed7a78abeb3f4b3d3adea3b5bbf9ef9c24fe4a8d"
  integrity sha512-hJikmmPRV73JMmnrp4L6thw3vyIFaL/OeqJXkF+VU3LxjD2ByFruwgaoFZ7TfuZU+BZV6y52GwVGPC81c2VVHQ==

cookie@^1.0.2:
  version "1.0.2"
  resolved "https://registry.yarnpkg.com/cookie/-/cookie-1.0.2.tgz#27360701532116bd3f1f9416929d176afe1e4610"
  integrity sha512-9Kr/j4O16ISv8zBBhJoi4bXOYNTkFLOqSL3UDB0njXxCXNezjeyVrJyGOWtgfs/q2km1gwBcfH8q1yEGoMYunA==

csstype@^3.0.2:
  version "3.1.3"
  resolved "https://registry.yarnpkg.com/csstype/-/csstype-3.1.3.tgz#d80ff294d114fb0e6ac500fbf85b60137d7eff81"
  integrity sha512-M1uQkMl8rQK/szD0LNhtqxIPLpimGm8sOBwU7lLnCpSbTyY3yeU1Vc7l4KT5zT4s/yOxHH5O7tIuuLOCnLADRw==

elysia@latest:
  version "1.2.21"
  resolved "https://registry.yarnpkg.com/elysia/-/elysia-1.2.21.tgz#ff009774e0e4a994349c99a9a6ac5f0ca2e251cb"
  integrity sha512-E9b1JcB7fiQ2ptk24W8OnBrMYUoKzffIXob9uTVUKhqOKxaXAd9UyWBeyr7JCDa/VD/b/9S8aIey9/YJsK5sLg==
  dependencies:
    "@sinclair/typebox" "^0.34.27"
    cookie "^1.0.2"
    memoirist "^0.3.0"
    openapi-types "^12.1.3"

memoirist@^0.3.0:
  version "0.3.0"
  resolved "https://registry.yarnpkg.com/memoirist/-/memoirist-0.3.0.tgz#95e9ab2b44794872beaa9dd9632f99de52e0546c"
  integrity sha512-wR+4chMgVPq+T6OOsk40u9Wlpw1Pjx66NMNiYxCQQ4EUJ7jDs3D9kTCeKdBOkvAiqXlHLVJlvYL01PvIJ1MPNg==

object-keys@^1.1.1:
  version "1.1.1"
  resolved "https://registry.yarnpkg.com/object-keys/-/object-keys-1.1.1.tgz#1c47f272df277f3b1daf061677d9c82e2322c60e"
  integrity sha512-NuAESUOUMrlIXOfHKzD6bpPu3tYt3xvjNdRIQ+FeT0lNb4K8WR70CaDxhuNguS2XG+GjkyMwOzsN5ZktImfhLA==

observ-struct@^6.0.0:
  version "6.0.0"
  resolved "https://registry.yarnpkg.com/observ-struct/-/observ-struct-6.0.0.tgz#4e8d54ac249f9fbcdb6e43a40d1fbe7da23abf1b"
  integrity sha512-sPo+xjZpKL6ebHa6i3USAhnmK4AosNwklDlwMpOUzih20Z/fm0n+IM/5xCwj/n5DDJ5jLaFcCW8miAuyQvD/cg==
  dependencies:
    observ "~0.2.0"
    xtend "^3.0.0"

observ@^0.2.0, observ@~0.2.0:
  version "0.2.0"
  resolved "https://registry.yarnpkg.com/observ/-/observ-0.2.0.tgz#0bc39b3e29faa5f9e6caa5906cb8392df400aa68"
  integrity sha512-7SKbYTiFXMvqbeinO/GwTGtXSvbRq5AHKszmq5cx3fV7bKEjNCK7AdkhGzsuQAoT+IPf3mlxDmPrVW8wgshpcQ==

openapi-types@^12.1.3:
  version "12.1.3"
  resolved "https://registry.yarnpkg.com/openapi-types/-/openapi-types-12.1.3.tgz#471995eb26c4b97b7bd356aacf7b91b73e777dd3"
  integrity sha512-N4YtSYJqghVu4iek2ZUvcN/0aqH1kRDuNqzcycDxhOUpg7GdvLa2F3DgS6yBNhInhv2r/6I0Flkn7CqL8+nIcw==

path-to-regexp@0.0.x:
  version "0.0.2"
  resolved "https://registry.yarnpkg.com/path-to-regexp/-/path-to-regexp-0.0.2.tgz#489feb060b314443a5494ab1da2efed2040ab24c"
  integrity sha512-oElk+kl0DoaEHoLJNXJ+YwH5vJSvU9sNIfnBC1DcwfJ9dOA0MLqZjVYfq/wfbJwpeDkD+3nfR9pfL8wLfrZKLg==

react-dom@^19.0.0:
  version "19.0.0"
  resolved "https://registry.yarnpkg.com/react-dom/-/react-dom-19.0.0.tgz#43446f1f01c65a4cd7f7588083e686a6726cfb57"
  integrity sha512-4GV5sHFG0e/0AD4X+ySy6UJd3jVl1iNsNHdpad0qhABJ11twS3TTBnseqsKurKcsNqCEFeGL3uLpVChpIO3QfQ==
  dependencies:
    scheduler "^0.25.0"

react@^19.0.0:
  version "19.0.0"
  resolved "https://registry.yarnpkg.com/react/-/react-19.0.0.tgz#6e1969251b9f108870aa4bff37a0ce9ddfaaabdd"
  integrity sha512-V8AVnmPIICiWpGfm6GLzCR/W5FXLchHop40W4nXBmdlEceh16rCN8O8LNWm5bh5XUX91fh7KpA+W0TgMKmgTpQ==

reduce@^1.0.1:
  version "1.0.3"
  resolved "https://registry.yarnpkg.com/reduce/-/reduce-1.0.3.tgz#256049602dc0ae37301af6327be9cda575adb9eb"
  integrity sha512-0Dtt3Bgj34/yKFzE5N9V6/HYyP3gb+E3TLs/hMr/wGgkCIzYa+7G4hNrE/P+en52OJT+pLUgmba9DQF3AB+2LQ==
  dependencies:
    object-keys "^1.1.1"

route-map@^0.1.0:
  version "0.1.0"
  resolved "https://registry.yarnpkg.com/route-map/-/route-map-0.1.0.tgz#16bf73eb4ffecb6ed59b9f27d7d8a5fac391d8ae"
  integrity sha512-lHIacyl14xj9o1D97yB3DNOIrn7Z+rSXwEcmlL9GMVwggw9bqTAX+pVY9/W5M15zBlQFO/e1ZRHSoTG5c6mqtw==
  dependencies:
    path-to-regexp "0.0.x"

scheduler@^0.25.0:
  version "0.25.0"
  resolved "https://registry.yarnpkg.com/scheduler/-/scheduler-0.25.0.tgz#336cd9768e8cceebf52d3c80e3dcf5de23e7e015"
  integrity sha512-xFVuu11jh+xcO7JOAGJNOXld8/TcEHK/4CituBUeUb5hqxJLj9YuemAEuvm9gQ/+pgXYfbQuqAkiYu+u7YEsNA==

single-page@^1.1.0:
  version "1.1.0"
  resolved "https://registry.yarnpkg.com/single-page/-/single-page-1.1.0.tgz#4005567ac0aef73ce59487ba3e35739a76a9a820"
  integrity sha512-gjPqsYmpjJ76H7rAh1Z+D8e3KDiToC/x0T2RUpTWMG2XgsbJtzDx7g2YvuQaJtxvNkBTZxvH4bLBTIo05n+7nA==

undici-types@~6.20.0:
  version "6.20.0"
  resolved "https://registry.yarnpkg.com/undici-types/-/undici-types-6.20.0.tgz#8171bf22c1f588d1554d55bf204bc624af388433"
  integrity sha512-Ny6QZ2Nju20vw1SRHe3d9jVu6gJ+4e3+MMpqu7pqE5HT6WsTSlce++GQmK5UXS8mzV8DSYHrQH+Xrf2jVcuKNg==

wrouter@^0.0.6:
  version "0.0.6"
  resolved "https://registry.yarnpkg.com/wrouter/-/wrouter-0.0.6.tgz#930904447ebd500e29a97b8bebc6cad5a5f4db9e"
  integrity sha512-SwN/5D14J/jzCNPedWI+A1txps+pioXaPOt0V8sRipG/QJstjFEuAkb7B6J/NtIkwPYG1NR8R9Nys3wEcobXkg==
  dependencies:
    catch-links "^2.0.0"
    observ "^0.2.0"
    observ-struct "^6.0.0"
    reduce "^1.0.1"
    route-map "^0.1.0"
    single-page "^1.1.0"

xtend@^3.0.0:
  version "3.0.0"
  resolved "https://registry.yarnpkg.com/xtend/-/xtend-3.0.0.tgz#5cce7407baf642cba7becda568111c493f59665a"
  integrity sha512-sp/sT9OALMjRW1fKDlPeuSZlDQpkqReA0pyJukniWbTGoEKefHxhGJynE3PNhUMlcM8qWIjPwecwCw4LArS5Eg==
